
Microsoft Visual Studio Solution File, Format Version 12.00
# Visual Studio Version 17
VisualStudioVersion = 17.8.34309.116
MinimumVisualStudioVersion = 10.0.40219.1
Project("{FAE04EC0-301F-11D3-BF4B-00C04F79EFBC}") = "253501_Stepanov_Lab7", "253501_Stepanov_Lab7\253501_Stepanov_Lab7.csproj", "{F6B61C2E-D36B-4749-A3A7-B17889E21633}"
EndProject
Project("{FAE04EC0-301F-11D3-BF4B-00C04F79EFBC}") = "Threading", "Threading\Threading.csproj", "{3216B6CE-53F2-425A-BA18-15AB72A2E4D9}"
EndProject
Global
	GlobalSection(SolutionConfigurationPlatforms) = preSolution
		Debug|Any CPU = Debug|Any CPU
		Release|Any CPU = Release|Any CPU
	EndGlobalSection
	GlobalSection(ProjectConfigurationPlatforms) = postSolution
		{F6B61C2E-D36B-4749-A3A7-B17889E21633}.Debug|Any CPU.ActiveCfg = Debug|Any CPU
		{F6B61C2E-D36B-4749-A3A7-B17889E21633}.Debug|Any CPU.Build.0 = Debug|Any CPU
		{F6B61C2E-D36B-4749-A3A7-B17889E21633}.Release|Any CPU.ActiveCfg = Release|Any CPU
		{F6B61C2E-D36B-4749-A3A7-B17889E21633}.Release|Any CPU.Build.0 = Release|Any CPU
		{3216B6CE-53F2-425A-BA18-15AB72A2E4D9}.Debug|Any CPU.ActiveCfg = Debug|Any CPU
		{3216B6CE-53F2-425A-BA18-15AB72A2E4D9}.Debug|Any CPU.Build.0 = Debug|Any CPU
		{3216B6CE-53F2-425A-BA18-15AB72A2E4D9}.Release|Any CPU.ActiveCfg = Release|Any CPU
		{3216B6CE-53F2-425A-BA18-15AB72A2E4D9}.Release|Any CPU.Build.0 = Release|Any CPU
	EndGlobalSection
	GlobalSection(SolutionProperties) = preSolution
		HideSolutionNode = FALSE
	EndGlobalSection
	GlobalSection(ExtensibilityGlobals) = postSolution
		SolutionGuid = {47020864-6507-456B-9212-0E725AD5170D}
	EndGlobalSection
EndGlobal
