
Microsoft Visual Studio Solution File, Format Version 12.00
# Visual Studio Version 17
VisualStudioVersion = 17.7.34031.279
MinimumVisualStudioVersion = 10.0.40219.1
Project("{FAE04EC0-301F-11D3-BF4B-00C04F79EFBC}") = "253501_Stepanov_Domain", "253501_Stepanov_Domain\253501_Stepanov_Domain.csproj", "{B26677D8-A5D8-459B-B8CD-DBA7252F8317}"
EndProject
Project("{FAE04EC0-301F-11D3-BF4B-00C04F79EFBC}") = "SerializerLib", "SerializerLib\SerializerLib.csproj", "{5FBD42B1-B5D2-44B8-8FD8-47B8BB3EAB21}"
EndProject
Project("{FAE04EC0-301F-11D3-BF4B-00C04F79EFBC}") = "Main", "Main\Main.csproj", "{F46E4EBE-1571-4AB0-87A8-CB695221266B}"
EndProject
Global
	GlobalSection(SolutionConfigurationPlatforms) = preSolution
		Debug|Any CPU = Debug|Any CPU
		Release|Any CPU = Release|Any CPU
	EndGlobalSection
	GlobalSection(ProjectConfigurationPlatforms) = postSolution
		{B26677D8-A5D8-459B-B8CD-DBA7252F8317}.Debug|Any CPU.ActiveCfg = Debug|Any CPU
		{B26677D8-A5D8-459B-B8CD-DBA7252F8317}.Debug|Any CPU.Build.0 = Debug|Any CPU
		{B26677D8-A5D8-459B-B8CD-DBA7252F8317}.Release|Any CPU.ActiveCfg = Release|Any CPU
		{B26677D8-A5D8-459B-B8CD-DBA7252F8317}.Release|Any CPU.Build.0 = Release|Any CPU
		{5FBD42B1-B5D2-44B8-8FD8-47B8BB3EAB21}.Debug|Any CPU.ActiveCfg = Debug|Any CPU
		{5FBD42B1-B5D2-44B8-8FD8-47B8BB3EAB21}.Debug|Any CPU.Build.0 = Debug|Any CPU
		{5FBD42B1-B5D2-44B8-8FD8-47B8BB3EAB21}.Release|Any CPU.ActiveCfg = Release|Any CPU
		{5FBD42B1-B5D2-44B8-8FD8-47B8BB3EAB21}.Release|Any CPU.Build.0 = Release|Any CPU
		{F46E4EBE-1571-4AB0-87A8-CB695221266B}.Debug|Any CPU.ActiveCfg = Debug|Any CPU
		{F46E4EBE-1571-4AB0-87A8-CB695221266B}.Debug|Any CPU.Build.0 = Debug|Any CPU
		{F46E4EBE-1571-4AB0-87A8-CB695221266B}.Release|Any CPU.ActiveCfg = Release|Any CPU
		{F46E4EBE-1571-4AB0-87A8-CB695221266B}.Release|Any CPU.Build.0 = Release|Any CPU
	EndGlobalSection
	GlobalSection(SolutionProperties) = preSolution
		HideSolutionNode = FALSE
	EndGlobalSection
	GlobalSection(ExtensibilityGlobals) = postSolution
		SolutionGuid = {D5A40B35-FBD7-4711-AB6E-478EA4A66B45}
	EndGlobalSection
EndGlobal
