
Microsoft Visual Studio Solution File, Format Version 12.00
# Visual Studio Version 17
VisualStudioVersion = 17.8.34309.116
MinimumVisualStudioVersion = 10.0.40219.1
Project("{FAE04EC0-301F-11D3-BF4B-00C04F79EFBC}") = "253501_Stepanov_Lab8", "253501_Stepanov_Lab8\253501_Stepanov_Lab8.csproj", "{814CD582-9847-4E55-9894-0CC51E5BF3E7}"
EndProject
Global
	GlobalSection(SolutionConfigurationPlatforms) = preSolution
		Debug|Any CPU = Debug|Any CPU
		Release|Any CPU = Release|Any CPU
	EndGlobalSection
	GlobalSection(ProjectConfigurationPlatforms) = postSolution
		{814CD582-9847-4E55-9894-0CC51E5BF3E7}.Debug|Any CPU.ActiveCfg = Debug|Any CPU
		{814CD582-9847-4E55-9894-0CC51E5BF3E7}.Debug|Any CPU.Build.0 = Debug|Any CPU
		{814CD582-9847-4E55-9894-0CC51E5BF3E7}.Release|Any CPU.ActiveCfg = Release|Any CPU
		{814CD582-9847-4E55-9894-0CC51E5BF3E7}.Release|Any CPU.Build.0 = Release|Any CPU
	EndGlobalSection
	GlobalSection(SolutionProperties) = preSolution
		HideSolutionNode = FALSE
	EndGlobalSection
	GlobalSection(ExtensibilityGlobals) = postSolution
		SolutionGuid = {0D392D3F-6D4C-467E-B34C-542D9AC14EBF}
	EndGlobalSection
EndGlobal
